
Microsoft Visual Studio Solution File, Format Version 12.00
# Visual Studio Version 17
VisualStudioVersion = 17.5.002.0
MinimumVisualStudioVersion = 10.0.40219.1
Project("{9A19103F-16F7-4668-BE54-9A1E7A4F7556}") = "TestsProj", "TestsProj\TestsProj.csproj", "{D1D014A0-5365-4810-BC3A-B013F0CACD4E}"
EndProject
Global
	GlobalSection(SolutionConfigurationPlatforms) = preSolution
		Debug|Any CPU = Debug|Any CPU
		Release|Any CPU = Release|Any CPU
	EndGlobalSection
	GlobalSection(ProjectConfigurationPlatforms) = postSolution
		{D1D014A0-5365-4810-BC3A-B013F0CACD4E}.Debug|Any CPU.ActiveCfg = Debug|Any CPU
		{D1D014A0-5365-4810-BC3A-B013F0CACD4E}.Debug|Any CPU.Build.0 = Debug|Any CPU
		{D1D014A0-5365-4810-BC3A-B013F0CACD4E}.Release|Any CPU.ActiveCfg = Release|Any CPU
		{D1D014A0-5365-4810-BC3A-B013F0CACD4E}.Release|Any CPU.Build.0 = Release|Any CPU
	EndGlobalSection
	GlobalSection(SolutionProperties) = preSolution
		HideSolutionNode = FALSE
	EndGlobalSection
	GlobalSection(ExtensibilityGlobals) = postSolution
		SolutionGuid = {837A2903-D9AA-41D6-AB8C-52EA1BC19294}
	EndGlobalSection
EndGlobal
